
Microsoft Visual Studio Solution File, Format Version 12.00
# Visual Studio 2013
VisualStudioVersion = 12.0.31101.0
MinimumVisualStudioVersion = 10.0.40219.1
Project("{FAE04EC0-301F-11D3-BF4B-00C04F79EFBC}") = "CIDashboard.Web.Tests", "tests\CIDashboard.Web.Tests\CIDashboard.Web.Tests.csproj", "{80C07431-9D1E-4FF2-A50D-AC7F9A55B906}"
EndProject
Project("{FAE04EC0-301F-11D3-BF4B-00C04F79EFBC}") = "CIDashboard.Web", "src\CIDashboard.Web\CIDashboard.Web.csproj", "{98D7F5FE-BDFD-468F-BFC6-B8D457D52A60}"
EndProject
Project("{FAE04EC0-301F-11D3-BF4B-00C04F79EFBC}") = "CIDashboard.Data", "src\CIDashboard.Data\CIDashboard.Data.csproj", "{0B2607BB-4D3E-40C9-A190-911B13B47C18}"
EndProject
Project("{FAE04EC0-301F-11D3-BF4B-00C04F79EFBC}") = "CIDashboard.Domain", "src\CIDashboard.Domain\CIDashboard.Domain.csproj", "{22A52E3A-0775-4BE3-8A0D-51FF683221B3}"
EndProject
Project("{FAE04EC0-301F-11D3-BF4B-00C04F79EFBC}") = "CIDashboard.Data.Tests", "tests\CIDashboard.Data.Tests\CIDashboard.Data.Tests.csproj", "{EB9957D4-E8DA-43FC-8DC9-35765E28751B}"
EndProject
Project("{2150E333-8FDC-42A3-9474-1A3956D46DE8}") = "src", "src", "{93DF878E-1F05-4088-BA99-6602CC96195E}"
EndProject
Project("{2150E333-8FDC-42A3-9474-1A3956D46DE8}") = "tests", "tests", "{75632300-B029-43EC-AF7D-83E437F49CE2}"
EndProject
Project("{FAE04EC0-301F-11D3-BF4B-00C04F79EFBC}") = "CIDashboard.Domain.Tests", "tests\CIDashboard.Domain.Tests\CIDashboard.Domain.Tests.csproj", "{EEEAC6F8-1511-4716-9683-EF78A22E68D1}"
EndProject
Global
	GlobalSection(SolutionConfigurationPlatforms) = preSolution
		Debug|Any CPU = Debug|Any CPU
		Release|Any CPU = Release|Any CPU
	EndGlobalSection
	GlobalSection(ProjectConfigurationPlatforms) = postSolution
		{80C07431-9D1E-4FF2-A50D-AC7F9A55B906}.Debug|Any CPU.ActiveCfg = Debug|Any CPU
		{80C07431-9D1E-4FF2-A50D-AC7F9A55B906}.Debug|Any CPU.Build.0 = Debug|Any CPU
		{80C07431-9D1E-4FF2-A50D-AC7F9A55B906}.Release|Any CPU.ActiveCfg = Release|Any CPU
		{80C07431-9D1E-4FF2-A50D-AC7F9A55B906}.Release|Any CPU.Build.0 = Release|Any CPU
		{98D7F5FE-BDFD-468F-BFC6-B8D457D52A60}.Debug|Any CPU.ActiveCfg = Debug|Any CPU
		{98D7F5FE-BDFD-468F-BFC6-B8D457D52A60}.Debug|Any CPU.Build.0 = Debug|Any CPU
		{98D7F5FE-BDFD-468F-BFC6-B8D457D52A60}.Release|Any CPU.ActiveCfg = Release|Any CPU
		{98D7F5FE-BDFD-468F-BFC6-B8D457D52A60}.Release|Any CPU.Build.0 = Release|Any CPU
		{0B2607BB-4D3E-40C9-A190-911B13B47C18}.Debug|Any CPU.ActiveCfg = Debug|Any CPU
		{0B2607BB-4D3E-40C9-A190-911B13B47C18}.Debug|Any CPU.Build.0 = Debug|Any CPU
		{0B2607BB-4D3E-40C9-A190-911B13B47C18}.Release|Any CPU.ActiveCfg = Release|Any CPU
		{0B2607BB-4D3E-40C9-A190-911B13B47C18}.Release|Any CPU.Build.0 = Release|Any CPU
		{22A52E3A-0775-4BE3-8A0D-51FF683221B3}.Debug|Any CPU.ActiveCfg = Debug|Any CPU
		{22A52E3A-0775-4BE3-8A0D-51FF683221B3}.Debug|Any CPU.Build.0 = Debug|Any CPU
		{22A52E3A-0775-4BE3-8A0D-51FF683221B3}.Release|Any CPU.ActiveCfg = Release|Any CPU
		{22A52E3A-0775-4BE3-8A0D-51FF683221B3}.Release|Any CPU.Build.0 = Release|Any CPU
		{EB9957D4-E8DA-43FC-8DC9-35765E28751B}.Debug|Any CPU.ActiveCfg = Debug|Any CPU
		{EB9957D4-E8DA-43FC-8DC9-35765E28751B}.Debug|Any CPU.Build.0 = Debug|Any CPU
		{EB9957D4-E8DA-43FC-8DC9-35765E28751B}.Release|Any CPU.ActiveCfg = Release|Any CPU
		{EB9957D4-E8DA-43FC-8DC9-35765E28751B}.Release|Any CPU.Build.0 = Release|Any CPU
		{EEEAC6F8-1511-4716-9683-EF78A22E68D1}.Debug|Any CPU.ActiveCfg = Debug|Any CPU
		{EEEAC6F8-1511-4716-9683-EF78A22E68D1}.Debug|Any CPU.Build.0 = Debug|Any CPU
		{EEEAC6F8-1511-4716-9683-EF78A22E68D1}.Release|Any CPU.ActiveCfg = Release|Any CPU
		{EEEAC6F8-1511-4716-9683-EF78A22E68D1}.Release|Any CPU.Build.0 = Release|Any CPU
	EndGlobalSection
	GlobalSection(SolutionProperties) = preSolution
		HideSolutionNode = FALSE
	EndGlobalSection
	GlobalSection(NestedProjects) = preSolution
		{80C07431-9D1E-4FF2-A50D-AC7F9A55B906} = {75632300-B029-43EC-AF7D-83E437F49CE2}
		{98D7F5FE-BDFD-468F-BFC6-B8D457D52A60} = {93DF878E-1F05-4088-BA99-6602CC96195E}
		{0B2607BB-4D3E-40C9-A190-911B13B47C18} = {93DF878E-1F05-4088-BA99-6602CC96195E}
		{22A52E3A-0775-4BE3-8A0D-51FF683221B3} = {93DF878E-1F05-4088-BA99-6602CC96195E}
		{EB9957D4-E8DA-43FC-8DC9-35765E28751B} = {75632300-B029-43EC-AF7D-83E437F49CE2}
		{EEEAC6F8-1511-4716-9683-EF78A22E68D1} = {75632300-B029-43EC-AF7D-83E437F49CE2}
	EndGlobalSection
EndGlobal
